
Microsoft Visual Studio Solution File, Format Version 12.00
# Visual Studio Version 17
VisualStudioVersion = 17.7.34031.279
MinimumVisualStudioVersion = 10.0.40219.1
Project("{FAE04EC0-301F-11D3-BF4B-00C04F79EFBC}") = "WindowsFormsAppOrarend", "WindowsFormsAppOrarend\WindowsFormsAppOrarend.csproj", "{03C244B2-7128-4AB6-A149-4B1604938B52}"
EndProject
Global
	GlobalSection(SolutionConfigurationPlatforms) = preSolution
		Debug|Any CPU = Debug|Any CPU
		Release|Any CPU = Release|Any CPU
	EndGlobalSection
	GlobalSection(ProjectConfigurationPlatforms) = postSolution
		{03C244B2-7128-4AB6-A149-4B1604938B52}.Debug|Any CPU.ActiveCfg = Debug|Any CPU
		{03C244B2-7128-4AB6-A149-4B1604938B52}.Debug|Any CPU.Build.0 = Debug|Any CPU
		{03C244B2-7128-4AB6-A149-4B1604938B52}.Release|Any CPU.ActiveCfg = Release|Any CPU
		{03C244B2-7128-4AB6-A149-4B1604938B52}.Release|Any CPU.Build.0 = Release|Any CPU
	EndGlobalSection
	GlobalSection(SolutionProperties) = preSolution
		HideSolutionNode = FALSE
	EndGlobalSection
	GlobalSection(ExtensibilityGlobals) = postSolution
		SolutionGuid = {47254203-37E1-40D8-8A23-B32FE9EFCDDB}
	EndGlobalSection
EndGlobal
